// !$*UTF8*$!
{
	archiveVersion = 1;
	classes = {
	};
	objectVersion = 46;
	objects = {

/* Begin PBXBuildFile section */
		180705AA1C0AAB4C0077F0AD /* AppDelegate.swift in Sources */ = {isa = PBXBuildFile; fileRef = 180705A91C0AAB4C0077F0AD /* AppDelegate.swift */; };
		180705AC1C0AAB4C0077F0AD /* CQDrawerViewController.swift in Sources */ = {isa = PBXBuildFile; fileRef = 180705AB1C0AAB4C0077F0AD /* CQDrawerViewController.swift */; };
		180705AF1C0AAB4C0077F0AD /* Main.storyboard in Resources */ = {isa = PBXBuildFile; fileRef = 180705AD1C0AAB4C0077F0AD /* Main.storyboard */; };
		180705B11C0AAB4C0077F0AD /* Assets.xcassets in Resources */ = {isa = PBXBuildFile; fileRef = 180705B01C0AAB4C0077F0AD /* Assets.xcassets */; };
		180705B41C0AAB4C0077F0AD /* LaunchScreen.storyboard in Resources */ = {isa = PBXBuildFile; fileRef = 180705B21C0AAB4C0077F0AD /* LaunchScreen.storyboard */; };
		180705BF1C0AAB4C0077F0AD /* cqbbsTests.swift in Sources */ = {isa = PBXBuildFile; fileRef = 180705BE1C0AAB4C0077F0AD /* cqbbsTests.swift */; };
		180705CA1C0AAB4C0077F0AD /* cqbbsUITests.swift in Sources */ = {isa = PBXBuildFile; fileRef = 180705C91C0AAB4C0077F0AD /* cqbbsUITests.swift */; };
		180705DC1C0AB8820077F0AD /* CQTabController.swift in Sources */ = {isa = PBXBuildFile; fileRef = 180705DB1C0AB8820077F0AD /* CQTabController.swift */; settings = {ASSET_TAGS = (); }; };
		180705E01C0ABF830077F0AD /* CQNewsViewController.swift in Sources */ = {isa = PBXBuildFile; fileRef = 180705DF1C0ABF830077F0AD /* CQNewsViewController.swift */; settings = {ASSET_TAGS = (); }; };
		180705E21C0ACB320077F0AD /* CQNavViewController.swift in Sources */ = {isa = PBXBuildFile; fileRef = 180705E11C0ACB320077F0AD /* CQNavViewController.swift */; settings = {ASSET_TAGS = (); }; };
		180705E41C0ACFA00077F0AD /* LeftViewController.swift in Sources */ = {isa = PBXBuildFile; fileRef = 180705E31C0ACFA00077F0AD /* LeftViewController.swift */; settings = {ASSET_TAGS = (); }; };
		180705E61C0ACFAC0077F0AD /* RightViewController.swift in Sources */ = {isa = PBXBuildFile; fileRef = 180705E51C0ACFAC0077F0AD /* RightViewController.swift */; settings = {ASSET_TAGS = (); }; };
		18B14F431C0B12E700DF7511 /* red_line_and_shadow@2x.png in Resources */ = {isa = PBXBuildFile; fileRef = 18B14F3E1C0B12E700DF7511 /* red_line_and_shadow@2x.png */; settings = {ASSET_TAGS = (); }; };
		18EE928F1C0B39AE003CB2C0 /* CQSegmentView.swift in Sources */ = {isa = PBXBuildFile; fileRef = 18EE928E1C0B39AE003CB2C0 /* CQSegmentView.swift */; settings = {ASSET_TAGS = (); }; };
/* End PBXBuildFile section */

/* Begin PBXContainerItemProxy section */
		180705BB1C0AAB4C0077F0AD /* PBXContainerItemProxy */ = {
			isa = PBXContainerItemProxy;
			containerPortal = 1807059E1C0AAB4C0077F0AD /* Project object */;
			proxyType = 1;
			remoteGlobalIDString = 180705A51C0AAB4C0077F0AD;
			remoteInfo = cqbbs;
		};
		180705C61C0AAB4C0077F0AD /* PBXContainerItemProxy */ = {
			isa = PBXContainerItemProxy;
			containerPortal = 1807059E1C0AAB4C0077F0AD /* Project object */;
			proxyType = 1;
			remoteGlobalIDString = 180705A51C0AAB4C0077F0AD;
			remoteInfo = cqbbs;
		};
/* End PBXContainerItemProxy section */

/* Begin PBXFileReference section */
		180705A61C0AAB4C0077F0AD /* cqbbs.app */ = {isa = PBXFileReference; explicitFileType = wrapper.application; includeInIndex = 0; path = cqbbs.app; sourceTree = BUILT_PRODUCTS_DIR; };
		180705A91C0AAB4C0077F0AD /* AppDelegate.swift */ = {isa = PBXFileReference; lastKnownFileType = sourcecode.swift; path = AppDelegate.swift; sourceTree = "<group>"; };
		180705AB1C0AAB4C0077F0AD /* CQDrawerViewController.swift */ = {isa = PBXFileReference; lastKnownFileType = sourcecode.swift; path = CQDrawerViewController.swift; sourceTree = "<group>"; };
		180705AE1C0AAB4C0077F0AD /* Base */ = {isa = PBXFileReference; lastKnownFileType = file.storyboard; name = Base; path = Base.lproj/Main.storyboard; sourceTree = "<group>"; };
		180705B01C0AAB4C0077F0AD /* Assets.xcassets */ = {isa = PBXFileReference; lastKnownFileType = folder.assetcatalog; path = Assets.xcassets; sourceTree = "<group>"; };
		180705B31C0AAB4C0077F0AD /* Base */ = {isa = PBXFileReference; lastKnownFileType = file.storyboard; name = Base; path = Base.lproj/LaunchScreen.storyboard; sourceTree = "<group>"; };
		180705B51C0AAB4C0077F0AD /* Info.plist */ = {isa = PBXFileReference; lastKnownFileType = text.plist.xml; path = Info.plist; sourceTree = "<group>"; };
		180705BA1C0AAB4C0077F0AD /* cqbbsTests.xctest */ = {isa = PBXFileReference; explicitFileType = wrapper.cfbundle; includeInIndex = 0; path = cqbbsTests.xctest; sourceTree = BUILT_PRODUCTS_DIR; };
		180705BE1C0AAB4C0077F0AD /* cqbbsTests.swift */ = {isa = PBXFileReference; lastKnownFileType = sourcecode.swift; path = cqbbsTests.swift; sourceTree = "<group>"; };
		180705C01C0AAB4C0077F0AD /* Info.plist */ = {isa = PBXFileReference; lastKnownFileType = text.plist.xml; path = Info.plist; sourceTree = "<group>"; };
		180705C51C0AAB4C0077F0AD /* cqbbsUITests.xctest */ = {isa = PBXFileReference; explicitFileType = wrapper.cfbundle; includeInIndex = 0; path = cqbbsUITests.xctest; sourceTree = BUILT_PRODUCTS_DIR; };
		180705C91C0AAB4C0077F0AD /* cqbbsUITests.swift */ = {isa = PBXFileReference; lastKnownFileType = sourcecode.swift; path = cqbbsUITests.swift; sourceTree = "<group>"; };
		180705CB1C0AAB4C0077F0AD /* Info.plist */ = {isa = PBXFileReference; lastKnownFileType = text.plist.xml; path = Info.plist; sourceTree = "<group>"; };
		180705DB1C0AB8820077F0AD /* CQTabController.swift */ = {isa = PBXFileReference; fileEncoding = 4; lastKnownFileType = sourcecode.swift; name = CQTabController.swift; path = ../CQTabController.swift; sourceTree = "<group>"; };
		180705DF1C0ABF830077F0AD /* CQNewsViewController.swift */ = {isa = PBXFileReference; fileEncoding = 4; lastKnownFileType = sourcecode.swift; name = CQNewsViewController.swift; path = ../CQNewsViewController.swift; sourceTree = "<group>"; };
		180705E11C0ACB320077F0AD /* CQNavViewController.swift */ = {isa = PBXFileReference; fileEncoding = 4; lastKnownFileType = sourcecode.swift; path = CQNavViewController.swift; sourceTree = "<group>"; };
		180705E31C0ACFA00077F0AD /* LeftViewController.swift */ = {isa = PBXFileReference; fileEncoding = 4; lastKnownFileType = sourcecode.swift; path = LeftViewController.swift; sourceTree = "<group>"; };
		180705E51C0ACFAC0077F0AD /* RightViewController.swift */ = {isa = PBXFileReference; fileEncoding = 4; lastKnownFileType = sourcecode.swift; path = RightViewController.swift; sourceTree = "<group>"; };
		18B14F3E1C0B12E700DF7511 /* red_line_and_shadow@2x.png */ = {isa = PBXFileReference; lastKnownFileType = image.png; name = "red_line_and_shadow@2x.png"; path = "SlideSwitch/resources/red_line_and_shadow@2x.png"; sourceTree = "<group>"; };
		18B14F451C0B13AC00DF7511 /* cqbbs-Bridging-Header.h */ = {isa = PBXFileReference; fileEncoding = 4; lastKnownFileType = sourcecode.c.h; path = "cqbbs-Bridging-Header.h"; sourceTree = "<group>"; };
		18EE928E1C0B39AE003CB2C0 /* CQSegmentView.swift */ = {isa = PBXFileReference; fileEncoding = 4; lastKnownFileType = sourcecode.swift; path = CQSegmentView.swift; sourceTree = "<group>"; };
/* End PBXFileReference section */

/* Begin PBXFrameworksBuildPhase section */
		180705A31C0AAB4C0077F0AD /* Frameworks */ = {
			isa = PBXFrameworksBuildPhase;
			buildActionMask = 2147483647;
			files = (
			);
			runOnlyForDeploymentPostprocessing = 0;
		};
		180705B71C0AAB4C0077F0AD /* Frameworks */ = {
			isa = PBXFrameworksBuildPhase;
			buildActionMask = 2147483647;
			files = (
			);
			runOnlyForDeploymentPostprocessing = 0;
		};
		180705C21C0AAB4C0077F0AD /* Frameworks */ = {
			isa = PBXFrameworksBuildPhase;
			buildActionMask = 2147483647;
			files = (
			);
			runOnlyForDeploymentPostprocessing = 0;
		};
/* End PBXFrameworksBuildPhase section */

/* Begin PBXGroup section */
		1807059D1C0AAB4C0077F0AD = {
			isa = PBXGroup;
			children = (
				180705A81C0AAB4C0077F0AD /* cqbbs */,
				180705BD1C0AAB4C0077F0AD /* cqbbsTests */,
				180705C81C0AAB4C0077F0AD /* cqbbsUITests */,
				180705A71C0AAB4C0077F0AD /* Products */,
			);
			sourceTree = "<group>";
		};
		180705A71C0AAB4C0077F0AD /* Products */ = {
			isa = PBXGroup;
			children = (
				180705A61C0AAB4C0077F0AD /* cqbbs.app */,
				180705BA1C0AAB4C0077F0AD /* cqbbsTests.xctest */,
				180705C51C0AAB4C0077F0AD /* cqbbsUITests.xctest */,
			);
			name = Products;
			sourceTree = "<group>";
		};
		180705A81C0AAB4C0077F0AD /* cqbbs */ = {
			isa = PBXGroup;
			children = (
				180705E81C0AD06B0077F0AD /* 第三方 */,
				180705E71C0AD0540077F0AD /* 新闻 */,
				180705E91C0AD0910077F0AD /* Main */,
				180705B01C0AAB4C0077F0AD /* Assets.xcassets */,
				180705AD1C0AAB4C0077F0AD /* Main.storyboard */,
				180705B21C0AAB4C0077F0AD /* LaunchScreen.storyboard */,
				180705B51C0AAB4C0077F0AD /* Info.plist */,
			);
			path = cqbbs;
			sourceTree = "<group>";
		};
		180705BD1C0AAB4C0077F0AD /* cqbbsTests */ = {
			isa = PBXGroup;
			children = (
				180705BE1C0AAB4C0077F0AD /* cqbbsTests.swift */,
				180705C01C0AAB4C0077F0AD /* Info.plist */,
			);
			path = cqbbsTests;
			sourceTree = "<group>";
		};
		180705C81C0AAB4C0077F0AD /* cqbbsUITests */ = {
			isa = PBXGroup;
			children = (
				180705C91C0AAB4C0077F0AD /* cqbbsUITests.swift */,
				180705CB1C0AAB4C0077F0AD /* Info.plist */,
			);
			path = cqbbsUITests;
			sourceTree = "<group>";
		};
		180705E71C0AD0540077F0AD /* 新闻 */ = {
			isa = PBXGroup;
			children = (
				18EE928E1C0B39AE003CB2C0 /* CQSegmentView.swift */,
				180705E11C0ACB320077F0AD /* CQNavViewController.swift */,
				180705DF1C0ABF830077F0AD /* CQNewsViewController.swift */,
			);
			name = "新闻";
			sourceTree = "<group>";
		};
		180705E81C0AD06B0077F0AD /* 第三方 */ = {
			isa = PBXGroup;
			children = (
				18B14F3E1C0B12E700DF7511 /* red_line_and_shadow@2x.png */,
				18B14F451C0B13AC00DF7511 /* cqbbs-Bridging-Header.h */,
			);
			name = "第三方";
			sourceTree = "<group>";
		};
		180705E91C0AD0910077F0AD /* Main */ = {
			isa = PBXGroup;
			children = (
				180705AB1C0AAB4C0077F0AD /* CQDrawerViewController.swift */,
				180705E51C0ACFAC0077F0AD /* RightViewController.swift */,
				180705E31C0ACFA00077F0AD /* LeftViewController.swift */,
				180705A91C0AAB4C0077F0AD /* AppDelegate.swift */,
				180705DB1C0AB8820077F0AD /* CQTabController.swift */,
			);
			name = Main;
			sourceTree = "<group>";
		};
/* End PBXGroup section */

/* Begin PBXNativeTarget section */
		180705A51C0AAB4C0077F0AD /* cqbbs */ = {
			isa = PBXNativeTarget;
			buildConfigurationList = 180705CE1C0AAB4C0077F0AD /* Build configuration list for PBXNativeTarget "cqbbs" */;
			buildPhases = (
				180705A21C0AAB4C0077F0AD /* Sources */,
				180705A31C0AAB4C0077F0AD /* Frameworks */,
				180705A41C0AAB4C0077F0AD /* Resources */,
			);
			buildRules = (
			);
			dependencies = (
			);
			name = cqbbs;
			productName = cqbbs;
			productReference = 180705A61C0AAB4C0077F0AD /* cqbbs.app */;
			productType = "com.apple.product-type.application";
		};
		180705B91C0AAB4C0077F0AD /* cqbbsTests */ = {
			isa = PBXNativeTarget;
			buildConfigurationList = 180705D11C0AAB4C0077F0AD /* Build configuration list for PBXNativeTarget "cqbbsTests" */;
			buildPhases = (
				180705B61C0AAB4C0077F0AD /* Sources */,
				180705B71C0AAB4C0077F0AD /* Frameworks */,
				180705B81C0AAB4C0077F0AD /* Resources */,
			);
			buildRules = (
			);
			dependencies = (
				180705BC1C0AAB4C0077F0AD /* PBXTargetDependency */,
			);
			name = cqbbsTests;
			productName = cqbbsTests;
			productReference = 180705BA1C0AAB4C0077F0AD /* cqbbsTests.xctest */;
			productType = "com.apple.product-type.bundle.unit-test";
		};
		180705C41C0AAB4C0077F0AD /* cqbbsUITests */ = {
			isa = PBXNativeTarget;
			buildConfigurationList = 180705D41C0AAB4C0077F0AD /* Build configuration list for PBXNativeTarget "cqbbsUITests" */;
			buildPhases = (
				180705C11C0AAB4C0077F0AD /* Sources */,
				180705C21C0AAB4C0077F0AD /* Frameworks */,
				180705C31C0AAB4C0077F0AD /* Resources */,
			);
			buildRules = (
			);
			dependencies = (
				180705C71C0AAB4C0077F0AD /* PBXTargetDependency */,
			);
			name = cqbbsUITests;
			productName = cqbbsUITests;
			productReference = 180705C51C0AAB4C0077F0AD /* cqbbsUITests.xctest */;
			productType = "com.apple.product-type.bundle.ui-testing";
		};
/* End PBXNativeTarget section */

/* Begin PBXProject section */
		1807059E1C0AAB4C0077F0AD /* Project object */ = {
			isa = PBXProject;
			attributes = {
				LastUpgradeCheck = 0700;
				ORGANIZATIONNAME = y;
				TargetAttributes = {
					180705A51C0AAB4C0077F0AD = {
						CreatedOnToolsVersion = 7.0.1;
					};
					180705B91C0AAB4C0077F0AD = {
						CreatedOnToolsVersion = 7.0.1;
						TestTargetID = 180705A51C0AAB4C0077F0AD;
					};
					180705C41C0AAB4C0077F0AD = {
						CreatedOnToolsVersion = 7.0.1;
						TestTargetID = 180705A51C0AAB4C0077F0AD;
					};
				};
			};
			buildConfigurationList = 180705A11C0AAB4C0077F0AD /* Build configuration list for PBXProject "cqbbs" */;
			compatibilityVersion = "Xcode 3.2";
			developmentRegion = English;
			hasScannedForEncodings = 0;
			knownRegions = (
				en,
				Base,
			);
			mainGroup = 1807059D1C0AAB4C0077F0AD;
			productRefGroup = 180705A71C0AAB4C0077F0AD /* Products */;
			projectDirPath = "";
			projectRoot = "";
			targets = (
				180705A51C0AAB4C0077F0AD /* cqbbs */,
				180705B91C0AAB4C0077F0AD /* cqbbsTests */,
				180705C41C0AAB4C0077F0AD /* cqbbsUITests */,
			);
		};
/* End PBXProject section */

/* Begin PBXResourcesBuildPhase section */
		180705A41C0AAB4C0077F0AD /* Resources */ = {
			isa = PBXResourcesBuildPhase;
			buildActionMask = 2147483647;
			files = (
				180705B41C0AAB4C0077F0AD /* LaunchScreen.storyboard in Resources */,
				180705B11C0AAB4C0077F0AD /* Assets.xcassets in Resources */,
				180705AF1C0AAB4C0077F0AD /* Main.storyboard in Resources */,
				18B14F431C0B12E700DF7511 /* red_line_and_shadow@2x.png in Resources */,
			);
			runOnlyForDeploymentPostprocessing = 0;
		};
		180705B81C0AAB4C0077F0AD /* Resources */ = {
			isa = PBXResourcesBuildPhase;
			buildActionMask = 2147483647;
			files = (
			);
			runOnlyForDeploymentPostprocessing = 0;
		};
		180705C31C0AAB4C0077F0AD /* Resources */ = {
			isa = PBXResourcesBuildPhase;
			buildActionMask = 2147483647;
			files = (
			);
			runOnlyForDeploymentPostprocessing = 0;
		};
/* End PBXResourcesBuildPhase section */

/* Begin PBXSourcesBuildPhase section */
		180705A21C0AAB4C0077F0AD /* Sources */ = {
			isa = PBXSourcesBuildPhase;
			buildActionMask = 2147483647;
			files = (
				180705DC1C0AB8820077F0AD /* CQTabController.swift in Sources */,
				180705E61C0ACFAC0077F0AD /* RightViewController.swift in Sources */,
				180705E01C0ABF830077F0AD /* CQNewsViewController.swift in Sources */,
				180705AC1C0AAB4C0077F0AD /* CQDrawerViewController.swift in Sources */,
				180705E41C0ACFA00077F0AD /* LeftViewController.swift in Sources */,
				180705AA1C0AAB4C0077F0AD /* AppDelegate.swift in Sources */,
				180705E21C0ACB320077F0AD /* CQNavViewController.swift in Sources */,
				18EE928F1C0B39AE003CB2C0 /* CQSegmentView.swift in Sources */,
			);
			runOnlyForDeploymentPostprocessing = 0;
		};
		180705B61C0AAB4C0077F0AD /* Sources */ = {
			isa = PBXSourcesBuildPhase;
			buildActionMask = 2147483647;
			files = (
				180705BF1C0AAB4C0077F0AD /* cqbbsTests.swift in Sources */,
			);
			runOnlyForDeploymentPostprocessing = 0;
		};
		180705C11C0AAB4C0077F0AD /* Sources */ = {
			isa = PBXSourcesBuildPhase;
			buildActionMask = 2147483647;
			files = (
				180705CA1C0AAB4C0077F0AD /* cqbbsUITests.swift in Sources */,
			);
			runOnlyForDeploymentPostprocessing = 0;
		};
/* End PBXSourcesBuildPhase section */

/* Begin PBXTargetDependency section */
		180705BC1C0AAB4C0077F0AD /* PBXTargetDependency */ = {
			isa = PBXTargetDependency;
			target = 180705A51C0AAB4C0077F0AD /* cqbbs */;
			targetProxy = 180705BB1C0AAB4C0077F0AD /* PBXContainerItemProxy */;
		};
		180705C71C0AAB4C0077F0AD /* PBXTargetDependency */ = {
			isa = PBXTargetDependency;
			target = 180705A51C0AAB4C0077F0AD /* cqbbs */;
			targetProxy = 180705C61C0AAB4C0077F0AD /* PBXContainerItemProxy */;
		};
/* End PBXTargetDependency section */

/* Begin PBXVariantGroup section */
		180705AD1C0AAB4C0077F0AD /* Main.storyboard */ = {
			isa = PBXVariantGroup;
			children = (
				180705AE1C0AAB4C0077F0AD /* Base */,
			);
			name = Main.storyboard;
			sourceTree = "<group>";
		};
		180705B21C0AAB4C0077F0AD /* LaunchScreen.storyboard */ = {
			isa = PBXVariantGroup;
			children = (
				180705B31C0AAB4C0077F0AD /* Base */,
			);
			name = LaunchScreen.storyboard;
			sourceTree = "<group>";
		};
/* End PBXVariantGroup section */

/* Begin XCBuildConfiguration section */
		180705CC1C0AAB4C0077F0AD /* Debug */ = {
			isa = XCBuildConfiguration;
			buildSettings = {
				ALWAYS_SEARCH_USER_PATHS = NO;
				CLANG_CXX_LANGUAGE_STANDARD = "gnu++0x";
				CLANG_CXX_LIBRARY = "libc++";
				CLANG_ENABLE_MODULES = YES;
				CLANG_ENABLE_OBJC_ARC = YES;
				CLANG_WARN_BOOL_CONVERSION = YES;
				CLANG_WARN_CONSTANT_CONVERSION = YES;
				CLANG_WARN_DIRECT_OBJC_ISA_USAGE = YES_ERROR;
				CLANG_WARN_EMPTY_BODY = YES;
				CLANG_WARN_ENUM_CONVERSION = YES;
				CLANG_WARN_INT_CONVERSION = YES;
				CLANG_WARN_OBJC_ROOT_CLASS = YES_ERROR;
				CLANG_WARN_UNREACHABLE_CODE = YES;
				CLANG_WARN__DUPLICATE_METHOD_MATCH = YES;
				"CODE_SIGN_IDENTITY[sdk=iphoneos*]" = "iPhone Developer";
				COPY_PHASE_STRIP = NO;
				DEBUG_INFORMATION_FORMAT = dwarf;
				ENABLE_STRICT_OBJC_MSGSEND = YES;
				ENABLE_TESTABILITY = YES;
				GCC_C_LANGUAGE_STANDARD = gnu99;
				GCC_DYNAMIC_NO_PIC = NO;
				GCC_NO_COMMON_BLOCKS = YES;
				GCC_OPTIMIZATION_LEVEL = 0;
				GCC_PREPROCESSOR_DEFINITIONS = (
					"DEBUG=1",
					"$(inherited)",
				);
				GCC_WARN_64_TO_32_BIT_CONVERSION = YES;
				GCC_WARN_ABOUT_RETURN_TYPE = YES_ERROR;
				GCC_WARN_UNDECLARED_SELECTOR = YES;
				GCC_WARN_UNINITIALIZED_AUTOS = YES_AGGRESSIVE;
				GCC_WARN_UNUSED_FUNCTION = YES;
				GCC_WARN_UNUSED_VARIABLE = YES;
				IPHONEOS_DEPLOYMENT_TARGET = 9.0;
				MTL_ENABLE_DEBUG_INFO = YES;
				ONLY_ACTIVE_ARCH = YES;
				SDKROOT = iphoneos;
				SWIFT_OPTIMIZATION_LEVEL = "-Onone";
			};
			name = Debug;
		};
		180705CD1C0AAB4C0077F0AD /* Release */ = {
			isa = XCBuildConfiguration;
			buildSettings = {
				ALWAYS_SEARCH_USER_PATHS = NO;
				CLANG_CXX_LANGUAGE_STANDARD = "gnu++0x";
				CLANG_CXX_LIBRARY = "libc++";
				CLANG_ENABLE_MODULES = YES;
				CLANG_ENABLE_OBJC_ARC = YES;
				CLANG_WARN_BOOL_CONVERSION = YES;
				CLANG_WARN_CONSTANT_CONVERSION = YES;
				CLANG_WARN_DIRECT_OBJC_ISA_USAGE = YES_ERROR;
				CLANG_WARN_EMPTY_BODY = YES;
				CLANG_WARN_ENUM_CONVERSION = YES;
				CLANG_WARN_INT_CONVERSION = YES;
				CLANG_WARN_OBJC_ROOT_CLASS = YES_ERROR;
				CLANG_WARN_UNREACHABLE_CODE = YES;
				CLANG_WARN__DUPLICATE_METHOD_MATCH = YES;
				"CODE_SIGN_IDENTITY[sdk=iphoneos*]" = "iPhone Developer";
				COPY_PHASE_STRIP = NO;
				DEBUG_INFORMATION_FORMAT = "dwarf-with-dsym";
				ENABLE_NS_ASSERTIONS = NO;
				ENABLE_STRICT_OBJC_MSGSEND = YES;
				GCC_C_LANGUAGE_STANDARD = gnu99;
				GCC_NO_COMMON_BLOCKS = YES;
				GCC_WARN_64_TO_32_BIT_CONVERSION = YES;
				GCC_WARN_ABOUT_RETURN_TYPE = YES_ERROR;
				GCC_WARN_UNDECLARED_SELECTOR = YES;
				GCC_WARN_UNINITIALIZED_AUTOS = YES_AGGRESSIVE;
				GCC_WARN_UNUSED_FUNCTION = YES;
				GCC_WARN_UNUSED_VARIABLE = YES;
				IPHONEOS_DEPLOYMENT_TARGET = 9.0;
				MTL_ENABLE_DEBUG_INFO = NO;
				SDKROOT = iphoneos;
				VALIDATE_PRODUCT = YES;
			};
			name = Release;
		};
		180705CF1C0AAB4C0077F0AD /* Debug */ = {
			isa = XCBuildConfiguration;
			buildSettings = {
				ASSETCATALOG_COMPILER_APPICON_NAME = AppIcon;
				INFOPLIST_FILE = cqbbs/Info.plist;
				LD_RUNPATH_SEARCH_PATHS = "$(inherited) @executable_path/Frameworks";
				PRODUCT_BUNDLE_IDENTIFIER = com.test.cqbbs;
				PRODUCT_NAME = "$(TARGET_NAME)";
				SWIFT_OBJC_BRIDGING_HEADER = "cqbbs/cqbbs-Bridging-Header.h";
			};
			name = Debug;
		};
		180705D01C0AAB4C0077F0AD /* Release */ = {
			isa = XCBuildConfiguration;
			buildSettings = {
				ASSETCATALOG_COMPILER_APPICON_NAME = AppIcon;
				INFOPLIST_FILE = cqbbs/Info.plist;
				LD_RUNPATH_SEARCH_PATHS = "$(inherited) @executable_path/Frameworks";
				PRODUCT_BUNDLE_IDENTIFIER = com.test.cqbbs;
				PRODUCT_NAME = "$(TARGET_NAME)";
				SWIFT_OBJC_BRIDGING_HEADER = "cqbbs/cqbbs-Bridging-Header.h";
			};
			name = Release;
		};
		180705D21C0AAB4C0077F0AD /* Debug */ = {
			isa = XCBuildConfiguration;
			buildSettings = {
				BUNDLE_LOADER = "$(TEST_HOST)";
				INFOPLIST_FILE = cqbbsTests/Info.plist;
				LD_RUNPATH_SEARCH_PATHS = "$(inherited) @executable_path/Frameworks @loader_path/Frameworks";
				PRODUCT_BUNDLE_IDENTIFIER = com.test.cqbbsTests;
				PRODUCT_NAME = "$(TARGET_NAME)";
				TEST_HOST = "$(BUILT_PRODUCTS_DIR)/cqbbs.app/cqbbs";
			};
			name = Debug;
		};
		180705D31C0AAB4C0077F0AD /* Release */ = {
			isa = XCBuildConfiguration;
			buildSettings = {
				BUNDLE_LOADER = "$(TEST_HOST)";
				INFOPLIST_FILE = cqbbsTests/Info.plist;
				LD_RUNPATH_SEARCH_PATHS = "$(inherited) @executable_path/Frameworks @loader_path/Frameworks";
				PRODUCT_BUNDLE_IDENTIFIER = com.test.cqbbsTests;
				PRODUCT_NAME = "$(TARGET_NAME)";
				TEST_HOST = "$(BUILT_PRODUCTS_DIR)/cqbbs.app/cqbbs";
			};
			name = Release;
		};
		180705D51C0AAB4C0077F0AD /* Debug */ = {
			isa = XCBuildConfiguration;
			buildSettings = {
				INFOPLIST_FILE = cqbbsUITests/Info.plist;
				LD_RUNPATH_SEARCH_PATHS = "$(inherited) @executable_path/Frameworks @loader_path/Frameworks";
				PRODUCT_BUNDLE_IDENTIFIER = com.test.cqbbsUITests;
				PRODUCT_NAME = "$(TARGET_NAME)";
				TEST_TARGET_NAME = cqbbs;
				USES_XCTRUNNER = YES;
			};
			name = Debug;
		};
		180705D61C0AAB4C0077F0AD /* Release */ = {
			isa = XCBuildConfiguration;
			buildSettings = {
				INFOPLIST_FILE = cqbbsUITests/Info.plist;
				LD_RUNPATH_SEARCH_PATHS = "$(inherited) @executable_path/Frameworks @loader_path/Frameworks";
				PRODUCT_BUNDLE_IDENTIFIER = com.test.cqbbsUITests;
				PRODUCT_NAME = "$(TARGET_NAME)";
				TEST_TARGET_NAME = cqbbs;
				USES_XCTRUNNER = YES;
			};
			name = Release;
		};
/* End XCBuildConfiguration section */

/* Begin XCConfigurationList section */
		180705A11C0AAB4C0077F0AD /* Build configuration list for PBXProject "cqbbs" */ = {
			isa = XCConfigurationList;
			buildConfigurations = (
				180705CC1C0AAB4C0077F0AD /* Debug */,
				180705CD1C0AAB4C0077F0AD /* Release */,
			);
			defaultConfigurationIsVisible = 0;
			defaultConfigurationName = Release;
		};
		180705CE1C0AAB4C0077F0AD /* Build configuration list for PBXNativeTarget "cqbbs" */ = {
			isa = XCConfigurationList;
			buildConfigurations = (
				180705CF1C0AAB4C0077F0AD /* Debug */,
				180705D01C0AAB4C0077F0AD /* Release */,
			);
			defaultConfigurationIsVisible = 0;
			defaultConfigurationName = Release;
		};
		180705D11C0AAB4C0077F0AD /* Build configuration list for PBXNativeTarget "cqbbsTests" */ = {
			isa = XCConfigurationList;
			buildConfigurations = (
				180705D21C0AAB4C0077F0AD /* Debug */,
				180705D31C0AAB4C0077F0AD /* Release */,
			);
			defaultConfigurationIsVisible = 0;
			defaultConfigurationName = Release;
		};
		180705D41C0AAB4C0077F0AD /* Build configuration list for PBXNativeTarget "cqbbsUITests" */ = {
			isa = XCConfigurationList;
			buildConfigurations = (
				180705D51C0AAB4C0077F0AD /* Debug */,
				180705D61C0AAB4C0077F0AD /* Release */,
			);
			defaultConfigurationIsVisible = 0;
			defaultConfigurationName = Release;
		};
/* End XCConfigurationList section */
	};
	rootObject = 1807059E1C0AAB4C0077F0AD /* Project object */;
}
